// !$*UTF8*$!
{
	archiveVersion = 1;
	classes = {
	};
	objectVersion = 46;
	objects = {

/* Begin PBXBuildFile section */
		464B92471A30926200158FB1 /* AppDelegate.swift in Sources */ = {isa = PBXBuildFile; fileRef = 464B92461A30926200158FB1 /* AppDelegate.swift */; };
		464B92491A30926200158FB1 /* SourceViewController.swift in Sources */ = {isa = PBXBuildFile; fileRef = 464B92481A30926200158FB1 /* SourceViewController.swift */; };
		464B924E1A30926200158FB1 /* Images.xcassets in Resources */ = {isa = PBXBuildFile; fileRef = 464B924D1A30926200158FB1 /* Images.xcassets */; };
		464B92511A30926200158FB1 /* LaunchScreen.xib in Resources */ = {isa = PBXBuildFile; fileRef = 464B924F1A30926200158FB1 /* LaunchScreen.xib */; };
		464B925D1A30926200158FB1 /* InteractiveTransitionSampleTests.swift in Sources */ = {isa = PBXBuildFile; fileRef = 464B925C1A30926200158FB1 /* InteractiveTransitionSampleTests.swift */; };
		464B926A1A3094B600158FB1 /* DestinationViewController.swift in Sources */ = {isa = PBXBuildFile; fileRef = 464B92681A3094B600158FB1 /* DestinationViewController.swift */; };
		464B926B1A3094B600158FB1 /* DestinationViewController.xib in Resources */ = {isa = PBXBuildFile; fileRef = 464B92691A3094B600158FB1 /* DestinationViewController.xib */; };
		464B926E1A30950C00158FB1 /* TransitionManager.swift in Sources */ = {isa = PBXBuildFile; fileRef = 464B926D1A30950C00158FB1 /* TransitionManager.swift */; };
		464B92701A30A69400158FB1 /* SourceViewController.xib in Resources */ = {isa = PBXBuildFile; fileRef = 464B926F1A30A69400158FB1 /* SourceViewController.xib */; };
/* End PBXBuildFile section */

/* Begin PBXContainerItemProxy section */
		464B92571A30926200158FB1 /* PBXContainerItemProxy */ = {
			isa = PBXContainerItemProxy;
			containerPortal = 464B92391A30926200158FB1 /* Project object */;
			proxyType = 1;
			remoteGlobalIDString = 464B92401A30926200158FB1;
			remoteInfo = InteractiveTransitionSample;
		};
/* End PBXContainerItemProxy section */

/* Begin PBXFileReference section */
		464B92411A30926200158FB1 /* InteractiveTransitionSample.app */ = {isa = PBXFileReference; explicitFileType = wrapper.application; includeInIndex = 0; path = InteractiveTransitionSample.app; sourceTree = BUILT_PRODUCTS_DIR; };
		464B92451A30926200158FB1 /* Info.plist */ = {isa = PBXFileReference; lastKnownFileType = text.plist.xml; path = Info.plist; sourceTree = "<group>"; };
		464B92461A30926200158FB1 /* AppDelegate.swift */ = {isa = PBXFileReference; lastKnownFileType = sourcecode.swift; path = AppDelegate.swift; sourceTree = "<group>"; };
		464B92481A30926200158FB1 /* SourceViewController.swift */ = {isa = PBXFileReference; lastKnownFileType = sourcecode.swift; path = SourceViewController.swift; sourceTree = "<group>"; };
		464B924D1A30926200158FB1 /* Images.xcassets */ = {isa = PBXFileReference; lastKnownFileType = folder.assetcatalog; path = Images.xcassets; sourceTree = "<group>"; };
		464B92501A30926200158FB1 /* Base */ = {isa = PBXFileReference; lastKnownFileType = file.xib; name = Base; path = Base.lproj/LaunchScreen.xib; sourceTree = "<group>"; };
		464B92561A30926200158FB1 /* InteractiveTransitionSampleTests.xctest */ = {isa = PBXFileReference; explicitFileType = wrapper.cfbundle; includeInIndex = 0; path = InteractiveTransitionSampleTests.xctest; sourceTree = BUILT_PRODUCTS_DIR; };
		464B925B1A30926200158FB1 /* Info.plist */ = {isa = PBXFileReference; lastKnownFileType = text.plist.xml; path = Info.plist; sourceTree = "<group>"; };
		464B925C1A30926200158FB1 /* InteractiveTransitionSampleTests.swift */ = {isa = PBXFileReference; lastKnownFileType = sourcecode.swift; path = InteractiveTransitionSampleTests.swift; sourceTree = "<group>"; };
		464B92681A3094B600158FB1 /* DestinationViewController.swift */ = {isa = PBXFileReference; fileEncoding = 4; lastKnownFileType = sourcecode.swift; path = DestinationViewController.swift; sourceTree = "<group>"; };
		464B92691A3094B600158FB1 /* DestinationViewController.xib */ = {isa = PBXFileReference; fileEncoding = 4; lastKnownFileType = file.xib; path = DestinationViewController.xib; sourceTree = "<group>"; };
		464B926D1A30950C00158FB1 /* TransitionManager.swift */ = {isa = PBXFileReference; fileEncoding = 4; lastKnownFileType = sourcecode.swift; path = TransitionManager.swift; sourceTree = "<group>"; };
		464B926F1A30A69400158FB1 /* SourceViewController.xib */ = {isa = PBXFileReference; fileEncoding = 4; lastKnownFileType = file.xib; path = SourceViewController.xib; sourceTree = "<group>"; };
/* End PBXFileReference section */

/* Begin PBXFrameworksBuildPhase section */
		464B923E1A30926200158FB1 /* Frameworks */ = {
			isa = PBXFrameworksBuildPhase;
			buildActionMask = 2147483647;
			files = (
			);
			runOnlyForDeploymentPostprocessing = 0;
		};
		464B92531A30926200158FB1 /* Frameworks */ = {
			isa = PBXFrameworksBuildPhase;
			buildActionMask = 2147483647;
			files = (
			);
			runOnlyForDeploymentPostprocessing = 0;
		};
/* End PBXFrameworksBuildPhase section */

/* Begin PBXGroup section */
		464B92381A30926200158FB1 = {
			isa = PBXGroup;
			children = (
				464B92431A30926200158FB1 /* InteractiveTransitionSample */,
				464B92591A30926200158FB1 /* InteractiveTransitionSampleTests */,
				464B92421A30926200158FB1 /* Products */,
			);
			sourceTree = "<group>";
		};
		464B92421A30926200158FB1 /* Products */ = {
			isa = PBXGroup;
			children = (
				464B92411A30926200158FB1 /* InteractiveTransitionSample.app */,
				464B92561A30926200158FB1 /* InteractiveTransitionSampleTests.xctest */,
			);
			name = Products;
			sourceTree = "<group>";
		};
		464B92431A30926200158FB1 /* InteractiveTransitionSample */ = {
			isa = PBXGroup;
			children = (
				464B92461A30926200158FB1 /* AppDelegate.swift */,
				464B926C1A3094C400158FB1 /* Classes */,
				464B924D1A30926200158FB1 /* Images.xcassets */,
				464B924F1A30926200158FB1 /* LaunchScreen.xib */,
				464B92441A30926200158FB1 /* Supporting Files */,
			);
			path = InteractiveTransitionSample;
			sourceTree = "<group>";
		};
		464B92441A30926200158FB1 /* Supporting Files */ = {
			isa = PBXGroup;
			children = (
				464B92451A30926200158FB1 /* Info.plist */,
			);
			name = "Supporting Files";
			sourceTree = "<group>";
		};
		464B92591A30926200158FB1 /* InteractiveTransitionSampleTests */ = {
			isa = PBXGroup;
			children = (
				464B925C1A30926200158FB1 /* InteractiveTransitionSampleTests.swift */,
				464B925A1A30926200158FB1 /* Supporting Files */,
			);
			path = InteractiveTransitionSampleTests;
			sourceTree = "<group>";
		};
		464B925A1A30926200158FB1 /* Supporting Files */ = {
			isa = PBXGroup;
			children = (
				464B925B1A30926200158FB1 /* Info.plist */,
			);
			name = "Supporting Files";
			sourceTree = "<group>";
		};
		464B926C1A3094C400158FB1 /* Classes */ = {
			isa = PBXGroup;
			children = (
				464B92681A3094B600158FB1 /* DestinationViewController.swift */,
				464B92691A3094B600158FB1 /* DestinationViewController.xib */,
				464B92481A30926200158FB1 /* SourceViewController.swift */,
				464B926F1A30A69400158FB1 /* SourceViewController.xib */,
				464B926D1A30950C00158FB1 /* TransitionManager.swift */,
			);
			name = Classes;
			sourceTree = "<group>";
		};
/* End PBXGroup section */

/* Begin PBXNativeTarget section */
		464B92401A30926200158FB1 /* InteractiveTransitionSample */ = {
			isa = PBXNativeTarget;
			buildConfigurationList = 464B92601A30926200158FB1 /* Build configuration list for PBXNativeTarget "InteractiveTransitionSample" */;
			buildPhases = (
				464B923D1A30926200158FB1 /* Sources */,
				464B923E1A30926200158FB1 /* Frameworks */,
				464B923F1A30926200158FB1 /* Resources */,
			);
			buildRules = (
			);
			dependencies = (
			);
			name = InteractiveTransitionSample;
			productName = InteractiveTransitionSample;
			productReference = 464B92411A30926200158FB1 /* InteractiveTransitionSample.app */;
			productType = "com.apple.product-type.application";
		};
		464B92551A30926200158FB1 /* InteractiveTransitionSampleTests */ = {
			isa = PBXNativeTarget;
			buildConfigurationList = 464B92631A30926200158FB1 /* Build configuration list for PBXNativeTarget "InteractiveTransitionSampleTests" */;
			buildPhases = (
				464B92521A30926200158FB1 /* Sources */,
				464B92531A30926200158FB1 /* Frameworks */,
				464B92541A30926200158FB1 /* Resources */,
			);
			buildRules = (
			);
			dependencies = (
				464B92581A30926200158FB1 /* PBXTargetDependency */,
			);
			name = InteractiveTransitionSampleTests;
			productName = InteractiveTransitionSampleTests;
			productReference = 464B92561A30926200158FB1 /* InteractiveTransitionSampleTests.xctest */;
			productType = "com.apple.product-type.bundle.unit-test";
		};
/* End PBXNativeTarget section */

/* Begin PBXProject section */
		464B92391A30926200158FB1 /* Project object */ = {
			isa = PBXProject;
			attributes = {
				LastUpgradeCheck = 0620;
				ORGANIZATIONNAME = "Ameba Studio";
				TargetAttributes = {
					464B92401A30926200158FB1 = {
						CreatedOnToolsVersion = 6.2;
					};
					464B92551A30926200158FB1 = {
						CreatedOnToolsVersion = 6.2;
						TestTargetID = 464B92401A30926200158FB1;
					};
				};
			};
			buildConfigurationList = 464B923C1A30926200158FB1 /* Build configuration list for PBXProject "InteractiveTransitionSample" */;
			compatibilityVersion = "Xcode 3.2";
			developmentRegion = English;
			hasScannedForEncodings = 0;
			knownRegions = (
				en,
				Base,
			);
			mainGroup = 464B92381A30926200158FB1;
			productRefGroup = 464B92421A30926200158FB1 /* Products */;
			projectDirPath = "";
			projectRoot = "";
			targets = (
				464B92401A30926200158FB1 /* InteractiveTransitionSample */,
				464B92551A30926200158FB1 /* InteractiveTransitionSampleTests */,
			);
		};
/* End PBXProject section */

/* Begin PBXResourcesBuildPhase section */
		464B923F1A30926200158FB1 /* Resources */ = {
			isa = PBXResourcesBuildPhase;
			buildActionMask = 2147483647;
			files = (
				464B92511A30926200158FB1 /* LaunchScreen.xib in Resources */,
				464B92701A30A69400158FB1 /* SourceViewController.xib in Resources */,
				464B924E1A30926200158FB1 /* Images.xcassets in Resources */,
				464B926B1A3094B600158FB1 /* DestinationViewController.xib in Resources */,
			);
			runOnlyForDeploymentPostprocessing = 0;
		};
		464B92541A30926200158FB1 /* Resources */ = {
			isa = PBXResourcesBuildPhase;
			buildActionMask = 2147483647;
			files = (
			);
			runOnlyForDeploymentPostprocessing = 0;
		};
/* End PBXResourcesBuildPhase section */

/* Begin PBXSourcesBuildPhase section */
		464B923D1A30926200158FB1 /* Sources */ = {
			isa = PBXSourcesBuildPhase;
			buildActionMask = 2147483647;
			files = (
				464B92491A30926200158FB1 /* SourceViewController.swift in Sources */,
				464B926A1A3094B600158FB1 /* DestinationViewController.swift in Sources */,
				464B926E1A30950C00158FB1 /* TransitionManager.swift in Sources */,
				464B92471A30926200158FB1 /* AppDelegate.swift in Sources */,
			);
			runOnlyForDeploymentPostprocessing = 0;
		};
		464B92521A30926200158FB1 /* Sources */ = {
			isa = PBXSourcesBuildPhase;
			buildActionMask = 2147483647;
			files = (
				464B925D1A30926200158FB1 /* InteractiveTransitionSampleTests.swift in Sources */,
			);
			runOnlyForDeploymentPostprocessing = 0;
		};
/* End PBXSourcesBuildPhase section */

/* Begin PBXTargetDependency section */
		464B92581A30926200158FB1 /* PBXTargetDependency */ = {
			isa = PBXTargetDependency;
			target = 464B92401A30926200158FB1 /* InteractiveTransitionSample */;
			targetProxy = 464B92571A30926200158FB1 /* PBXContainerItemProxy */;
		};
/* End PBXTargetDependency section */

/* Begin PBXVariantGroup section */
		464B924F1A30926200158FB1 /* LaunchScreen.xib */ = {
			isa = PBXVariantGroup;
			children = (
				464B92501A30926200158FB1 /* Base */,
			);
			name = LaunchScreen.xib;
			sourceTree = "<group>";
		};
/* End PBXVariantGroup section */

/* Begin XCBuildConfiguration section */
		464B925E1A30926200158FB1 /* Debug */ = {
			isa = XCBuildConfiguration;
			buildSettings = {
				ALWAYS_SEARCH_USER_PATHS = NO;
				CLANG_CXX_LANGUAGE_STANDARD = "gnu++0x";
				CLANG_CXX_LIBRARY = "libc++";
				CLANG_ENABLE_MODULES = YES;
				CLANG_ENABLE_OBJC_ARC = YES;
				CLANG_WARN_BOOL_CONVERSION = YES;
				CLANG_WARN_CONSTANT_CONVERSION = YES;
				CLANG_WARN_DIRECT_OBJC_ISA_USAGE = YES_ERROR;
				CLANG_WARN_EMPTY_BODY = YES;
				CLANG_WARN_ENUM_CONVERSION = YES;
				CLANG_WARN_INT_CONVERSION = YES;
				CLANG_WARN_OBJC_ROOT_CLASS = YES_ERROR;
				CLANG_WARN_UNREACHABLE_CODE = YES;
				CLANG_WARN__DUPLICATE_METHOD_MATCH = YES;
				"CODE_SIGN_IDENTITY[sdk=iphoneos*]" = "iPhone Developer";
				COPY_PHASE_STRIP = NO;
				ENABLE_STRICT_OBJC_MSGSEND = YES;
				GCC_C_LANGUAGE_STANDARD = gnu99;
				GCC_DYNAMIC_NO_PIC = NO;
				GCC_OPTIMIZATION_LEVEL = 0;
				GCC_PREPROCESSOR_DEFINITIONS = (
					"DEBUG=1",
					"$(inherited)",
				);
				GCC_SYMBOLS_PRIVATE_EXTERN = NO;
				GCC_WARN_64_TO_32_BIT_CONVERSION = YES;
				GCC_WARN_ABOUT_RETURN_TYPE = YES_ERROR;
				GCC_WARN_UNDECLARED_SELECTOR = YES;
				GCC_WARN_UNINITIALIZED_AUTOS = YES_AGGRESSIVE;
				GCC_WARN_UNUSED_FUNCTION = YES;
				GCC_WARN_UNUSED_VARIABLE = YES;
				IPHONEOS_DEPLOYMENT_TARGET = 7.1;
				MTL_ENABLE_DEBUG_INFO = YES;
				ONLY_ACTIVE_ARCH = YES;
				SDKROOT = iphoneos;
				SWIFT_OPTIMIZATION_LEVEL = "-Onone";
			};
			name = Debug;
		};
		464B925F1A30926200158FB1 /* Release */ = {
			isa = XCBuildConfiguration;
			buildSettings = {
				ALWAYS_SEARCH_USER_PATHS = NO;
				CLANG_CXX_LANGUAGE_STANDARD = "gnu++0x";
				CLANG_CXX_LIBRARY = "libc++";
				CLANG_ENABLE_MODULES = YES;
				CLANG_ENABLE_OBJC_ARC = YES;
				CLANG_WARN_BOOL_CONVERSION = YES;
				CLANG_WARN_CONSTANT_CONVERSION = YES;
				CLANG_WARN_DIRECT_OBJC_ISA_USAGE = YES_ERROR;
				CLANG_WARN_EMPTY_BODY = YES;
				CLANG_WARN_ENUM_CONVERSION = YES;
				CLANG_WARN_INT_CONVERSION = YES;
				CLANG_WARN_OBJC_ROOT_CLASS = YES_ERROR;
				CLANG_WARN_UNREACHABLE_CODE = YES;
				CLANG_WARN__DUPLICATE_METHOD_MATCH = YES;
				"CODE_SIGN_IDENTITY[sdk=iphoneos*]" = "iPhone Developer";
				COPY_PHASE_STRIP = YES;
				ENABLE_NS_ASSERTIONS = NO;
				ENABLE_STRICT_OBJC_MSGSEND = YES;
				GCC_C_LANGUAGE_STANDARD = gnu99;
				GCC_WARN_64_TO_32_BIT_CONVERSION = YES;
				GCC_WARN_ABOUT_RETURN_TYPE = YES_ERROR;
				GCC_WARN_UNDECLARED_SELECTOR = YES;
				GCC_WARN_UNINITIALIZED_AUTOS = YES_AGGRESSIVE;
				GCC_WARN_UNUSED_FUNCTION = YES;
				GCC_WARN_UNUSED_VARIABLE = YES;
				IPHONEOS_DEPLOYMENT_TARGET = 7.1;
				MTL_ENABLE_DEBUG_INFO = NO;
				SDKROOT = iphoneos;
				VALIDATE_PRODUCT = YES;
			};
			name = Release;
		};
		464B92611A30926200158FB1 /* Debug */ = {
			isa = XCBuildConfiguration;
			buildSettings = {
				ASSETCATALOG_COMPILER_APPICON_NAME = AppIcon;
				ASSETCATALOG_COMPILER_LAUNCHIMAGE_NAME = LaunchImage;
				INFOPLIST_FILE = InteractiveTransitionSample/Info.plist;
				IPHONEOS_DEPLOYMENT_TARGET = 7.1;
				LD_RUNPATH_SEARCH_PATHS = "$(inherited) @executable_path/Frameworks";
				PRODUCT_NAME = "$(TARGET_NAME)";
			};
			name = Debug;
		};
		464B92621A30926200158FB1 /* Release */ = {
			isa = XCBuildConfiguration;
			buildSettings = {
				ASSETCATALOG_COMPILER_APPICON_NAME = AppIcon;
				ASSETCATALOG_COMPILER_LAUNCHIMAGE_NAME = LaunchImage;
				INFOPLIST_FILE = InteractiveTransitionSample/Info.plist;
				IPHONEOS_DEPLOYMENT_TARGET = 7.1;
				LD_RUNPATH_SEARCH_PATHS = "$(inherited) @executable_path/Frameworks";
				PRODUCT_NAME = "$(TARGET_NAME)";
			};
			name = Release;
		};
		464B92641A30926200158FB1 /* Debug */ = {
			isa = XCBuildConfiguration;
			buildSettings = {
				BUNDLE_LOADER = "$(TEST_HOST)";
				FRAMEWORK_SEARCH_PATHS = (
					"$(SDKROOT)/Developer/Library/Frameworks",
					"$(inherited)",
				);
				GCC_PREPROCESSOR_DEFINITIONS = (
					"DEBUG=1",
					"$(inherited)",
				);
				INFOPLIST_FILE = InteractiveTransitionSampleTests/Info.plist;
				LD_RUNPATH_SEARCH_PATHS = "$(inherited) @executable_path/Frameworks @loader_path/Frameworks";
				PRODUCT_NAME = "$(TARGET_NAME)";
				TEST_HOST = "$(BUILT_PRODUCTS_DIR)/InteractiveTransitionSample.app/InteractiveTransitionSample";
			};
			name = Debug;
		};
		464B92651A30926200158FB1 /* Release */ = {
			isa = XCBuildConfiguration;
			buildSettings = {
				BUNDLE_LOADER = "$(TEST_HOST)";
				FRAMEWORK_SEARCH_PATHS = (
					"$(SDKROOT)/Developer/Library/Frameworks",
					"$(inherited)",
				);
				INFOPLIST_FILE = InteractiveTransitionSampleTests/Info.plist;
				LD_RUNPATH_SEARCH_PATHS = "$(inherited) @executable_path/Frameworks @loader_path/Frameworks";
				PRODUCT_NAME = "$(TARGET_NAME)";
				TEST_HOST = "$(BUILT_PRODUCTS_DIR)/InteractiveTransitionSample.app/InteractiveTransitionSample";
			};
			name = Release;
		};
/* End XCBuildConfiguration section */

/* Begin XCConfigurationList section */
		464B923C1A30926200158FB1 /* Build configuration list for PBXProject "InteractiveTransitionSample" */ = {
			isa = XCConfigurationList;
			buildConfigurations = (
				464B925E1A30926200158FB1 /* Debug */,
				464B925F1A30926200158FB1 /* Release */,
			);
			defaultConfigurationIsVisible = 0;
			defaultConfigurationName = Release;
		};
		464B92601A30926200158FB1 /* Build configuration list for PBXNativeTarget "InteractiveTransitionSample" */ = {
			isa = XCConfigurationList;
			buildConfigurations = (
				464B92611A30926200158FB1 /* Debug */,
				464B92621A30926200158FB1 /* Release */,
			);
			defaultConfigurationIsVisible = 0;
		};
		464B92631A30926200158FB1 /* Build configuration list for PBXNativeTarget "InteractiveTransitionSampleTests" */ = {
			isa = XCConfigurationList;
			buildConfigurations = (
				464B92641A30926200158FB1 /* Debug */,
				464B92651A30926200158FB1 /* Release */,
			);
			defaultConfigurationIsVisible = 0;
		};
/* End XCConfigurationList section */
	};
	rootObject = 464B92391A30926200158FB1 /* Project object */;
}
